
Microsoft Visual Studio Solution File, Format Version 12.00
Project("{FAE04EC0-301F-11D3-BF4B-00C04F79EFBC}") = "MySecureWebApi", "MySecureWebApi\MySecureWebApi.csproj", "{D0088AD0-0082-4289-AC9F-E6DAFA68026E}"
EndProject
Global
	GlobalSection(SolutionConfigurationPlatforms) = preSolution
		Debug|Any CPU = Debug|Any CPU
		Release|Any CPU = Release|Any CPU
	EndGlobalSection
	GlobalSection(ProjectConfigurationPlatforms) = postSolution
		{D0088AD0-0082-4289-AC9F-E6DAFA68026E}.Debug|Any CPU.ActiveCfg = Debug|Any CPU
		{D0088AD0-0082-4289-AC9F-E6DAFA68026E}.Debug|Any CPU.Build.0 = Debug|Any CPU
		{D0088AD0-0082-4289-AC9F-E6DAFA68026E}.Release|Any CPU.ActiveCfg = Release|Any CPU
		{D0088AD0-0082-4289-AC9F-E6DAFA68026E}.Release|Any CPU.Build.0 = Release|Any CPU
	EndGlobalSection
EndGlobal
